
Microsoft Visual Studio Solution File, Format Version 12.00
# Visual Studio Version 17
VisualStudioVersion = 17.9.34723.18
MinimumVisualStudioVersion = 10.0.40219.1
Project("{FAE04EC0-301F-11D3-BF4B-00C04F79EFBC}") = "TAC-COM", "TAC-COM.csproj", "{A8C97131-D572-4706-B819-EACF916AB7BD}"
EndProject
Global
	GlobalSection(SolutionConfigurationPlatforms) = preSolution
		Debug|Any CPU = Debug|Any CPU
		Release|Any CPU = Release|Any CPU
	EndGlobalSection
	GlobalSection(ProjectConfigurationPlatforms) = postSolution
		{A8C97131-D572-4706-B819-EACF916AB7BD}.Debug|Any CPU.ActiveCfg = Debug|Any CPU
		{A8C97131-D572-4706-B819-EACF916AB7BD}.Debug|Any CPU.Build.0 = Debug|Any CPU
		{A8C97131-D572-4706-B819-EACF916AB7BD}.Release|Any CPU.ActiveCfg = Release|Any CPU
		{A8C97131-D572-4706-B819-EACF916AB7BD}.Release|Any CPU.Build.0 = Release|Any CPU
	EndGlobalSection
	GlobalSection(SolutionProperties) = preSolution
		HideSolutionNode = FALSE
	EndGlobalSection
	GlobalSection(ExtensibilityGlobals) = postSolution
		SolutionGuid = {4EC471FE-6521-439E-89B6-2CD4B17275AC}
	EndGlobalSection
EndGlobal
